
Microsoft Visual Studio Solution File, Format Version 12.00
# Visual Studio Version 16
VisualStudioVersion = 16.0.31205.134
MinimumVisualStudioVersion = 10.0.40219.1
Project("{8BC9CEB8-8B4A-11D0-8D11-00A0C91BC942}") = "b-tree", "b-tree.vcxproj", "{98BC41CD-F927-4E83-911E-B60E484599F5}"
EndProject
Global
	GlobalSection(SolutionConfigurationPlatforms) = preSolution
		Debug|x64 = Debug|x64
		Debug|x86 = Debug|x86
		Release|x64 = Release|x64
		Release|x86 = Release|x86
	EndGlobalSection
	GlobalSection(ProjectConfigurationPlatforms) = postSolution
		{98BC41CD-F927-4E83-911E-B60E484599F5}.Debug|x64.ActiveCfg = Debug|x64
		{98BC41CD-F927-4E83-911E-B60E484599F5}.Debug|x64.Build.0 = Debug|x64
		{98BC41CD-F927-4E83-911E-B60E484599F5}.Debug|x86.ActiveCfg = Debug|Win32
		{98BC41CD-F927-4E83-911E-B60E484599F5}.Debug|x86.Build.0 = Debug|Win32
		{98BC41CD-F927-4E83-911E-B60E484599F5}.Release|x64.ActiveCfg = Release|x64
		{98BC41CD-F927-4E83-911E-B60E484599F5}.Release|x64.Build.0 = Release|x64
		{98BC41CD-F927-4E83-911E-B60E484599F5}.Release|x86.ActiveCfg = Release|Win32
		{98BC41CD-F927-4E83-911E-B60E484599F5}.Release|x86.Build.0 = Release|Win32
	EndGlobalSection
	GlobalSection(SolutionProperties) = preSolution
		HideSolutionNode = FALSE
	EndGlobalSection
	GlobalSection(ExtensibilityGlobals) = postSolution
		SolutionGuid = {82F4E021-DF8C-4BF1-B3B3-399BCE3EA307}
	EndGlobalSection
EndGlobal
